
Microsoft Visual Studio Solution File, Format Version 12.00
# Visual Studio Version 17
VisualStudioVersion = 17.10.34928.147
MinimumVisualStudioVersion = 10.0.40219.1
Project("{9A19103F-16F7-4668-BE54-9A1E7A4F7556}") = "OAuthServer", "OAuthServer.csproj", "{7A6F7DF0-8003-4D73-9CE3-58762FE45612}"
EndProject
Global
	GlobalSection(SolutionConfigurationPlatforms) = preSolution
		Debug|Any CPU = Debug|Any CPU
		Release|Any CPU = Release|Any CPU
	EndGlobalSection
	GlobalSection(ProjectConfigurationPlatforms) = postSolution
		{7A6F7DF0-8003-4D73-9CE3-58762FE45612}.Debug|Any CPU.ActiveCfg = Debug|Any CPU
		{7A6F7DF0-8003-4D73-9CE3-58762FE45612}.Debug|Any CPU.Build.0 = Debug|Any CPU
		{7A6F7DF0-8003-4D73-9CE3-58762FE45612}.Release|Any CPU.ActiveCfg = Release|Any CPU
		{7A6F7DF0-8003-4D73-9CE3-58762FE45612}.Release|Any CPU.Build.0 = Release|Any CPU
	EndGlobalSection
	GlobalSection(SolutionProperties) = preSolution
		HideSolutionNode = FALSE
	EndGlobalSection
	GlobalSection(ExtensibilityGlobals) = postSolution
		SolutionGuid = {520DBBC4-47DA-4801-9C02-55E5FEDF9437}
	EndGlobalSection
EndGlobal
